
Microsoft Visual Studio Solution File, Format Version 12.00
# Visual Studio Version 17
VisualStudioVersion = 17.3.32819.101
MinimumVisualStudioVersion = 10.0.40219.1
Project("{9A19103F-16F7-4668-BE54-9A1E7A4F7556}") = "Counter", "Counter\Counter.csproj", "{43E8B24A-D244-4079-8D4F-5F24655A4C53}"
EndProject
Project("{9A19103F-16F7-4668-BE54-9A1E7A4F7556}") = "TempConv", "TempConv\TempConv.csproj", "{B9E77371-2539-4B33-B4A1-20B5FB1E4CD9}"
EndProject
Project("{FAE04EC0-301F-11D3-BF4B-00C04F79EFBC}") = "7GUIsTests", "7GUIsTests\7GUIsTests.csproj", "{915E7D2A-1DA5-4CAC-BF4A-52F44162F1C5}"
EndProject
Global
	GlobalSection(SolutionConfigurationPlatforms) = preSolution
		Debug|Any CPU = Debug|Any CPU
		Release|Any CPU = Release|Any CPU
	EndGlobalSection
	GlobalSection(ProjectConfigurationPlatforms) = postSolution
		{43E8B24A-D244-4079-8D4F-5F24655A4C53}.Debug|Any CPU.ActiveCfg = Debug|Any CPU
		{43E8B24A-D244-4079-8D4F-5F24655A4C53}.Debug|Any CPU.Build.0 = Debug|Any CPU
		{43E8B24A-D244-4079-8D4F-5F24655A4C53}.Release|Any CPU.ActiveCfg = Release|Any CPU
		{43E8B24A-D244-4079-8D4F-5F24655A4C53}.Release|Any CPU.Build.0 = Release|Any CPU
		{B9E77371-2539-4B33-B4A1-20B5FB1E4CD9}.Debug|Any CPU.ActiveCfg = Debug|Any CPU
		{B9E77371-2539-4B33-B4A1-20B5FB1E4CD9}.Debug|Any CPU.Build.0 = Debug|Any CPU
		{B9E77371-2539-4B33-B4A1-20B5FB1E4CD9}.Release|Any CPU.ActiveCfg = Release|Any CPU
		{B9E77371-2539-4B33-B4A1-20B5FB1E4CD9}.Release|Any CPU.Build.0 = Release|Any CPU
		{915E7D2A-1DA5-4CAC-BF4A-52F44162F1C5}.Debug|Any CPU.ActiveCfg = Debug|Any CPU
		{915E7D2A-1DA5-4CAC-BF4A-52F44162F1C5}.Debug|Any CPU.Build.0 = Debug|Any CPU
		{915E7D2A-1DA5-4CAC-BF4A-52F44162F1C5}.Release|Any CPU.ActiveCfg = Release|Any CPU
		{915E7D2A-1DA5-4CAC-BF4A-52F44162F1C5}.Release|Any CPU.Build.0 = Release|Any CPU
	EndGlobalSection
	GlobalSection(SolutionProperties) = preSolution
		HideSolutionNode = FALSE
	EndGlobalSection
	GlobalSection(ExtensibilityGlobals) = postSolution
		SolutionGuid = {0D386B1F-A73F-42A8-8FBE-B7B16DEA9E6C}
	EndGlobalSection
EndGlobal
